
Microsoft Visual Studio Solution File, Format Version 12.00
# Visual Studio Version 17
VisualStudioVersion = 17.7.34024.191
MinimumVisualStudioVersion = 10.0.40219.1
Project("{FAE04EC0-301F-11D3-BF4B-00C04F79EFBC}") = "cj-web-service", "cj-web-service\cj-web-service.csproj", "{A3F54AD0-76F1-4958-A30C-C4DB135941A9}"
EndProject
Global
	GlobalSection(SolutionConfigurationPlatforms) = preSolution
		Debug|Any CPU = Debug|Any CPU
		Release|Any CPU = Release|Any CPU
	EndGlobalSection
	GlobalSection(ProjectConfigurationPlatforms) = postSolution
		{A3F54AD0-76F1-4958-A30C-C4DB135941A9}.Debug|Any CPU.ActiveCfg = Debug|Any CPU
		{A3F54AD0-76F1-4958-A30C-C4DB135941A9}.Debug|Any CPU.Build.0 = Debug|Any CPU
		{A3F54AD0-76F1-4958-A30C-C4DB135941A9}.Release|Any CPU.ActiveCfg = Release|Any CPU
		{A3F54AD0-76F1-4958-A30C-C4DB135941A9}.Release|Any CPU.Build.0 = Release|Any CPU
	EndGlobalSection
	GlobalSection(SolutionProperties) = preSolution
		HideSolutionNode = FALSE
	EndGlobalSection
	GlobalSection(ExtensibilityGlobals) = postSolution
		SolutionGuid = {F27F7C8D-9C7F-429D-9B23-10254DF7DDC8}
	EndGlobalSection
EndGlobal
